
Microsoft Visual Studio Solution File, Format Version 12.00
# Visual Studio Version 17
VisualStudioVersion = 17.4.33213.308
MinimumVisualStudioVersion = 10.0.40219.1
Project("{FAE04EC0-301F-11D3-BF4B-00C04F79EFBC}") = "Resfin", "Resfin\Resfin.csproj", "{771D6F92-2352-446D-8EB9-078B6F1A24F0}"
EndProject
Global
	GlobalSection(SolutionConfigurationPlatforms) = preSolution
		Debug|Any CPU = Debug|Any CPU
		Release|Any CPU = Release|Any CPU
	EndGlobalSection
	GlobalSection(ProjectConfigurationPlatforms) = postSolution
		{771D6F92-2352-446D-8EB9-078B6F1A24F0}.Debug|Any CPU.ActiveCfg = Debug|Any CPU
		{771D6F92-2352-446D-8EB9-078B6F1A24F0}.Debug|Any CPU.Build.0 = Debug|Any CPU
		{771D6F92-2352-446D-8EB9-078B6F1A24F0}.Release|Any CPU.ActiveCfg = Release|Any CPU
		{771D6F92-2352-446D-8EB9-078B6F1A24F0}.Release|Any CPU.Build.0 = Release|Any CPU
	EndGlobalSection
	GlobalSection(SolutionProperties) = preSolution
		HideSolutionNode = FALSE
	EndGlobalSection
	GlobalSection(ExtensibilityGlobals) = postSolution
		SolutionGuid = {F8686C95-1692-4FEC-90D4-32433CB0C3C4}
	EndGlobalSection
EndGlobal
